
Microsoft Visual Studio Solution File, Format Version 12.00
# Visual Studio Version 16
VisualStudioVersion = 16.0.29911.84
MinimumVisualStudioVersion = 10.0.40219.1
Project("{FAE04EC0-301F-11D3-BF4B-00C04F79EFBC}") = "KinopoiskSelenium", "KinopoiskSelenium\KinopoiskSelenium.csproj", "{C58930CE-DE9F-4812-B40D-6EBFABA8AF1B}"
EndProject
Global
	GlobalSection(SolutionConfigurationPlatforms) = preSolution
		Debug|Any CPU = Debug|Any CPU
		Release|Any CPU = Release|Any CPU
	EndGlobalSection
	GlobalSection(ProjectConfigurationPlatforms) = postSolution
		{C58930CE-DE9F-4812-B40D-6EBFABA8AF1B}.Debug|Any CPU.ActiveCfg = Debug|Any CPU
		{C58930CE-DE9F-4812-B40D-6EBFABA8AF1B}.Debug|Any CPU.Build.0 = Debug|Any CPU
		{C58930CE-DE9F-4812-B40D-6EBFABA8AF1B}.Release|Any CPU.ActiveCfg = Release|Any CPU
		{C58930CE-DE9F-4812-B40D-6EBFABA8AF1B}.Release|Any CPU.Build.0 = Release|Any CPU
	EndGlobalSection
	GlobalSection(SolutionProperties) = preSolution
		HideSolutionNode = FALSE
	EndGlobalSection
	GlobalSection(ExtensibilityGlobals) = postSolution
		SolutionGuid = {E66041B8-B827-44A5-8D8B-733788921FC5}
	EndGlobalSection
EndGlobal
